speakeasyVersion: 1.399.0
sources:
    Panora-OAS:
        sourceNamespace: go-sdk
        sourceRevisionDigest: sha256:94787943cdebded522e133d32a9c988b9c10ecb2a1ea37babcd8f9c63904585c
        sourceBlobDigest: sha256:8552b0893045d00a287d1d8c677e993e49c028745cef6b837680cd2d6f7551b8
        tags:
            - latest
            - main
targets:
    panora:
        source: Panora-OAS
        sourceNamespace: go-sdk
        sourceRevisionDigest: sha256:94787943cdebded522e133d32a9c988b9c10ecb2a1ea37babcd8f9c63904585c
        sourceBlobDigest: sha256:8552b0893045d00a287d1d8c677e993e49c028745cef6b837680cd2d6f7551b8
        codeSamplesNamespace: go-sdk
        codeSamplesRevisionDigest: sha256:ba28eb274b7d97d05d11c4321d35e8dc9d2505fddad9e978215f102496b75a73
workflow:
    workflowVersion: 1.0.0
    speakeasyVersion: latest
    sources:
        Panora-OAS:
            inputs:
                - location: https://raw.githubusercontent.com/panoratech/Panora/main/packages/api/swagger/swagger-spec.yaml
            registry:
                location: registry.speakeasyapi.dev/panora/panora/go-sdk
    targets:
        panora:
            target: go
            source: Panora-OAS
            codeSamples:
                output: codeSamples.yaml
                registry:
                    location: registry.speakeasyapi.dev/panora/panora/go-sdk
