speakeasyVersion: 1.348.2
sources:
    Panora-OAS:
        sourceNamespace: go-sdk
        sourceRevisionDigest: sha256:c094f7bf53724dd032ae55a1063a29dc86b9ffcb9c12aa8686e2b56bac1c6c25
        sourceBlobDigest: sha256:96953064a1f807c894d2c28010fa75bbdecf400b568a79d15ad79a67f5370f55
        tags:
            - latest
targets:
    panora:
        source: Panora-OAS
        sourceNamespace: go-sdk
        sourceRevisionDigest: sha256:c094f7bf53724dd032ae55a1063a29dc86b9ffcb9c12aa8686e2b56bac1c6c25
        sourceBlobDigest: sha256:96953064a1f807c894d2c28010fa75bbdecf400b568a79d15ad79a67f5370f55
        codeSamplesNamespace: go-sdk
        codeSamplesRevisionDigest: sha256:1e42a704fe0e9a365540426ff26c7fe4976a5854b2733001005e90a1e1d69b2b
        outLocation: /Users/rachidflih/Panora/go-sdk
workflow:
    workflowVersion: 1.0.0
    speakeasyVersion: latest
    sources:
        Panora-OAS:
            inputs:
                - location: https://raw.githubusercontent.com/panoratech/Panora/main/packages/api/swagger/swagger-spec.yaml
            registry:
                location: registry.speakeasyapi.dev/panora/panora/go-sdk
    targets:
        panora:
            target: go
            source: Panora-OAS
            codeSamples:
                output: codeSamples.yaml
                registry:
                    location: registry.speakeasyapi.dev/panora/panora/go-sdk
