speakeasyVersion: 1.440.2
sources:
    Panora-OAS:
        sourceNamespace: go-sdk
        sourceRevisionDigest: sha256:d66ba756c5edf812c00123345023de520a6662c85a00a047d79d03c4d13e4494
        sourceBlobDigest: sha256:c3baeb1c04282c36b71950e2794c677901e518bc81a6fbe3b27510ce6d74e56a
        tags:
            - latest
            - speakeasy-sdk-regen-1726639298
targets:
    panora:
        source: Panora-OAS
        sourceNamespace: go-sdk
        sourceRevisionDigest: sha256:d66ba756c5edf812c00123345023de520a6662c85a00a047d79d03c4d13e4494
        sourceBlobDigest: sha256:c3baeb1c04282c36b71950e2794c677901e518bc81a6fbe3b27510ce6d74e56a
        codeSamplesNamespace: go-sdk-code-samples
        codeSamplesRevisionDigest: sha256:5ee9db06e7ed02c93044841c41378f668d02d24262ba746efa81f5f819400a49
workflow:
    workflowVersion: 1.0.0
    speakeasyVersion: latest
    sources:
        Panora-OAS:
            inputs:
                - location: https://raw.githubusercontent.com/panoratech/Panora/main/packages/api/swagger/swagger-spec.yaml
            registry:
                location: registry.speakeasyapi.dev/panora/panora/go-sdk
    targets:
        panora:
            target: go
            source: Panora-OAS
            codeSamples:
                output: codeSamples.yaml
                registry:
                    location: registry.speakeasyapi.dev/panora/panora/go-sdk-code-samples
